// !$*UTF8*$!
{
	archiveVersion = 1;
	classes = {
	};
	objectVersion = 46;
	objects = {

/* Begin PBXBuildFile section */
		EEB1E9B819AC717D00BE3A37 /* Foundation.framework in Frameworks */ = {isa = PBXBuildFile; fileRef = EEB1E9B719AC717D00BE3A37 /* Foundation.framework */; };
		EEB1E9BA19AC717D00BE3A37 /* CoreGraphics.framework in Frameworks */ = {isa = PBXBuildFile; fileRef = EEB1E9B919AC717D00BE3A37 /* CoreGraphics.framework */; };
		EEB1E9BC19AC717D00BE3A37 /* UIKit.framework in Frameworks */ = {isa = PBXBuildFile; fileRef = EEB1E9BB19AC717D00BE3A37 /* UIKit.framework */; };
		EEB1E9C219AC717D00BE3A37 /* InfoPlist.strings in Resources */ = {isa = PBXBuildFile; fileRef = EEB1E9C019AC717D00BE3A37 /* InfoPlist.strings */; };
		EEB1E9C419AC717D00BE3A37 /* main.m in Sources */ = {isa = PBXBuildFile; fileRef = EEB1E9C319AC717D00BE3A37 /* main.m */; };
		EEB1E9C819AC717D00BE3A37 /* AppDelegate.m in Sources */ = {isa = PBXBuildFile; fileRef = EEB1E9C719AC717D00BE3A37 /* AppDelegate.m */; };
		EEB1E9D119AC717D00BE3A37 /* BooksViewController.m in Sources */ = {isa = PBXBuildFile; fileRef = EEB1E9D019AC717D00BE3A37 /* BooksViewController.m */; };
		EEB1E9D319AC717D00BE3A37 /* Images.xcassets in Resources */ = {isa = PBXBuildFile; fileRef = EEB1E9D219AC717D00BE3A37 /* Images.xcassets */; };
		EEB1E9DA19AC717D00BE3A37 /* XCTest.framework in Frameworks */ = {isa = PBXBuildFile; fileRef = EEB1E9D919AC717D00BE3A37 /* XCTest.framework */; };
		EEB1E9DB19AC717D00BE3A37 /* Foundation.framework in Frameworks */ = {isa = PBXBuildFile; fileRef = EEB1E9B719AC717D00BE3A37 /* Foundation.framework */; };
		EEB1E9DC19AC717D00BE3A37 /* UIKit.framework in Frameworks */ = {isa = PBXBuildFile; fileRef = EEB1E9BB19AC717D00BE3A37 /* UIKit.framework */; };
		EEB1E9E419AC717D00BE3A37 /* InfoPlist.strings in Resources */ = {isa = PBXBuildFile; fileRef = EEB1E9E219AC717D00BE3A37 /* InfoPlist.strings */; };
		EEB1E9E619AC717D00BE3A37 /* EpubTests.m in Sources */ = {isa = PBXBuildFile; fileRef = EEB1E9E519AC717D00BE3A37 /* EpubTests.m */; };
		EEB1E9FC19AC71F200BE3A37 /* LSCollectionViewHelper.m in Sources */ = {isa = PBXBuildFile; fileRef = EEB1E9F219AC71F200BE3A37 /* LSCollectionViewHelper.m */; };
		EEB1E9FD19AC71F200BE3A37 /* LSCollectionViewLayoutHelper.m in Sources */ = {isa = PBXBuildFile; fileRef = EEB1E9F419AC71F200BE3A37 /* LSCollectionViewLayoutHelper.m */; };
		EEB1E9FE19AC71F200BE3A37 /* DraggableCollectionViewFlowLayout.m in Sources */ = {isa = PBXBuildFile; fileRef = EEB1E9F719AC71F200BE3A37 /* DraggableCollectionViewFlowLayout.m */; };
		EEB1E9FF19AC71F200BE3A37 /* UICollectionView+Draggable.m in Sources */ = {isa = PBXBuildFile; fileRef = EEB1E9F919AC71F200BE3A37 /* UICollectionView+Draggable.m */; };
		EEB1EA0819AC730E00BE3A37 /* BookRepository.m in Sources */ = {isa = PBXBuildFile; fileRef = EEB1EA0719AC730E00BE3A37 /* BookRepository.m */; };
		EEB1EA0B19AC755C00BE3A37 /* BooksViewCell.m in Sources */ = {isa = PBXBuildFile; fileRef = EEB1EA0A19AC755C00BE3A37 /* BooksViewCell.m */; };
		EEB1EA0E19AC773200BE3A37 /* Book.m in Sources */ = {isa = PBXBuildFile; fileRef = EEB1EA0D19AC773200BE3A37 /* Book.m */; };
		F619B58E19D2957500407736 /* btn_delete_5s.png in Resources */ = {isa = PBXBuildFile; fileRef = F619B58C19D2957500407736 /* btn_delete_5s.png */; };
		F619B58F19D2957500407736 /* btn_store_5s.png in Resources */ = {isa = PBXBuildFile; fileRef = F619B58D19D2957500407736 /* btn_store_5s.png */; };
		F619B59219D29A5100407736 /* BookStoreViewController.m in Sources */ = {isa = PBXBuildFile; fileRef = F619B59119D29A5100407736 /* BookStoreViewController.m */; };
		F640D2F519B05D8B0018A1D7 /* hondana_5s.jpg in Resources */ = {isa = PBXBuildFile; fileRef = F640D2F419B05D8B0018A1D7 /* hondana_5s.jpg */; };
		F640D2F719B05E220018A1D7 /* book.jpg in Resources */ = {isa = PBXBuildFile; fileRef = F640D2F619B05E220018A1D7 /* book.jpg */; };
		F640D2FD19B05E7D0018A1D7 /* CommonUtils.m in Sources */ = {isa = PBXBuildFile; fileRef = F640D2FA19B05E7D0018A1D7 /* CommonUtils.m */; };
		F640D2FE19B05E7D0018A1D7 /* Net.m in Sources */ = {isa = PBXBuildFile; fileRef = F640D2FC19B05E7D0018A1D7 /* Net.m */; };
		F640D32219BEEDAF0018A1D7 /* default.epub in Resources */ = {isa = PBXBuildFile; fileRef = F640D30719BEEDAF0018A1D7 /* default.epub */; };
		F640D32319BEEDAF0018A1D7 /* Dumas - The Count of Monte Cristo.epub in Resources */ = {isa = PBXBuildFile; fileRef = F640D30819BEEDAF0018A1D7 /* Dumas - The Count of Monte Cristo.epub */; };
		F640D32419BEEDAF0018A1D7 /* EPUBBestPractices-1_0_3.epub in Resources */ = {isa = PBXBuildFile; fileRef = F640D30919BEEDAF0018A1D7 /* EPUBBestPractices-1_0_3.epub */; };
		F640D32519BEEDAF0018A1D7 /* melville-moby-dick.epub in Resources */ = {isa = PBXBuildFile; fileRef = F640D30A19BEEDAF0018A1D7 /* melville-moby-dick.epub */; };
		F640D32619BEEDAF0018A1D7 /* pg31232-images.epub in Resources */ = {isa = PBXBuildFile; fileRef = F640D30B19BEEDAF0018A1D7 /* pg31232-images.epub */; };
		F640D32719BEEDAF0018A1D7 /* Stross - Accelerando.epub in Resources */ = {isa = PBXBuildFile; fileRef = F640D30C19BEEDAF0018A1D7 /* Stross - Accelerando.epub */; };
		F640D32819BEEDAF0018A1D7 /* Treasure_Island.epub in Resources */ = {isa = PBXBuildFile; fileRef = F640D30D19BEEDAF0018A1D7 /* Treasure_Island.epub */; };
		F640D32919BEEDAF0018A1D7 /* CBook.m in Sources */ = {isa = PBXBuildFile; fileRef = F640D31019BEEDAF0018A1D7 /* CBook.m */; settings = {COMPILER_FLAGS = "-fno-objc-arc"; }; };
		F640D32A19BEEDAF0018A1D7 /* CBookContainer.m in Sources */ = {isa = PBXBuildFile; fileRef = F640D31219BEEDAF0018A1D7 /* CBookContainer.m */; settings = {COMPILER_FLAGS = "-fno-objc-arc"; }; };
		F640D32B19BEEDAF0018A1D7 /* CBookLibrary.m in Sources */ = {isa = PBXBuildFile; fileRef = F640D31419BEEDAF0018A1D7 /* CBookLibrary.m */; settings = {COMPILER_FLAGS = "-fno-objc-arc"; }; };
		F640D32E19BEEDAF0018A1D7 /* CSection.m in Sources */ = {isa = PBXBuildFile; fileRef = F640D31919BEEDAF0018A1D7 /* CSection.m */; settings = {COMPILER_FLAGS = "-fno-objc-arc"; }; };
		F640D32F19BEEDAF0018A1D7 /* CTouchBookPageViewController.m in Sources */ = {isa = PBXBuildFile; fileRef = F640D31B19BEEDAF0018A1D7 /* CTouchBookPageViewController.m */; settings = {COMPILER_FLAGS = "-fno-objc-arc"; }; };
		F640D34F19BEFF0F0018A1D7 /* CXMLDocument_CreationExtensions.m in Sources */ = {isa = PBXBuildFile; fileRef = F640D33819BEFF0F0018A1D7 /* CXMLDocument_CreationExtensions.m */; settings = {COMPILER_FLAGS = "-fno-objc-arc"; }; };
		F640D35019BEFF0F0018A1D7 /* CXMLNode_CreationExtensions.m in Sources */ = {isa = PBXBuildFile; fileRef = F640D33A19BEFF0F0018A1D7 /* CXMLNode_CreationExtensions.m */; settings = {COMPILER_FLAGS = "-fno-objc-arc"; }; };
		F640D35119BEFF0F0018A1D7 /* CXMLDocument.m in Sources */ = {isa = PBXBuildFile; fileRef = F640D33C19BEFF0F0018A1D7 /* CXMLDocument.m */; settings = {COMPILER_FLAGS = "-fno-objc-arc"; }; };
		F640D35219BEFF0F0018A1D7 /* CXMLDocument_PrivateExtensions.m in Sources */ = {isa = PBXBuildFile; fileRef = F640D33E19BEFF0F0018A1D7 /* CXMLDocument_PrivateExtensions.m */; settings = {COMPILER_FLAGS = "-fno-objc-arc"; }; };
		F640D35319BEFF0F0018A1D7 /* CXMLElement.m in Sources */ = {isa = PBXBuildFile; fileRef = F640D34019BEFF0F0018A1D7 /* CXMLElement.m */; settings = {COMPILER_FLAGS = "-fno-objc-arc"; }; };
		F640D35419BEFF0F0018A1D7 /* CXMLElement_CreationExtensions.m in Sources */ = {isa = PBXBuildFile; fileRef = F640D34219BEFF0F0018A1D7 /* CXMLElement_CreationExtensions.m */; settings = {COMPILER_FLAGS = "-fno-objc-arc"; }; };
		F640D35519BEFF0F0018A1D7 /* CXMLElement_ElementTreeExtensions.m in Sources */ = {isa = PBXBuildFile; fileRef = F640D34419BEFF0F0018A1D7 /* CXMLElement_ElementTreeExtensions.m */; settings = {COMPILER_FLAGS = "-fno-objc-arc"; }; };
		F640D35619BEFF0F0018A1D7 /* CXMLNode.m in Sources */ = {isa = PBXBuildFile; fileRef = F640D34619BEFF0F0018A1D7 /* CXMLNode.m */; settings = {COMPILER_FLAGS = "-fno-objc-arc"; }; };
		F640D35719BEFF0F0018A1D7 /* CXMLNode_PrivateExtensions.m in Sources */ = {isa = PBXBuildFile; fileRef = F640D34819BEFF0F0018A1D7 /* CXMLNode_PrivateExtensions.m */; settings = {COMPILER_FLAGS = "-fno-objc-arc"; }; };
		F640D35819BEFF0F0018A1D7 /* CXMLNode_XPathExtensions.m in Sources */ = {isa = PBXBuildFile; fileRef = F640D34A19BEFF0F0018A1D7 /* CXMLNode_XPathExtensions.m */; settings = {COMPILER_FLAGS = "-fno-objc-arc"; }; };
		F640D35919BEFF0F0018A1D7 /* CTidy.m in Sources */ = {isa = PBXBuildFile; fileRef = F640D34D19BEFF0F0018A1D7 /* CTidy.m */; settings = {COMPILER_FLAGS = "-fno-objc-arc"; }; };
		F640D35B19BF04E20018A1D7 /* libxml2.dylib in Frameworks */ = {isa = PBXBuildFile; fileRef = F640D35A19BF04E20018A1D7 /* libxml2.dylib */; };
		F640D35E19BF119A0018A1D7 /* libz.1.2.5.dylib in Frameworks */ = {isa = PBXBuildFile; fileRef = F640D33319BEFCF30018A1D7 /* libz.1.2.5.dylib */; };
		F640D36C19BF11D50018A1D7 /* ioapi.c in Sources */ = {isa = PBXBuildFile; fileRef = F640D36219BF11D50018A1D7 /* ioapi.c */; };
		F640D36D19BF11D50018A1D7 /* mztools.c in Sources */ = {isa = PBXBuildFile; fileRef = F640D36419BF11D50018A1D7 /* mztools.c */; };
		F640D36E19BF11D50018A1D7 /* unzip.c in Sources */ = {isa = PBXBuildFile; fileRef = F640D36619BF11D50018A1D7 /* unzip.c */; };
		F640D36F19BF11D50018A1D7 /* zip.c in Sources */ = {isa = PBXBuildFile; fileRef = F640D36819BF11D50018A1D7 /* zip.c */; };
		F640D37019BF11D50018A1D7 /* ZipArchive.mm in Sources */ = {isa = PBXBuildFile; fileRef = F640D36B19BF11D50018A1D7 /* ZipArchive.mm */; settings = {COMPILER_FLAGS = "-fno-objc-arc"; }; };
		F6F167BD19D40BAA00EDC296 /* btn_library_5s.png in Resources */ = {isa = PBXBuildFile; fileRef = F6F167BC19D40BAA00EDC296 /* btn_library_5s.png */; };
/* End PBXBuildFile section */

/* Begin PBXContainerItemProxy section */
		EEB1E9DD19AC717D00BE3A37 /* PBXContainerItemProxy */ = {
			isa = PBXContainerItemProxy;
			containerPortal = EEB1E9AC19AC717D00BE3A37 /* Project object */;
			proxyType = 1;
			remoteGlobalIDString = EEB1E9B319AC717D00BE3A37;
			remoteInfo = Epub;
		};
/* End PBXContainerItemProxy section */

/* Begin PBXFileReference section */
		EEB1E9B419AC717D00BE3A37 /* Epub.app */ = {isa = PBXFileReference; explicitFileType = wrapper.application; includeInIndex = 0; path = Epub.app; sourceTree = BUILT_PRODUCTS_DIR; };
		EEB1E9B719AC717D00BE3A37 /* Foundation.framework */ = {isa = PBXFileReference; lastKnownFileType = wrapper.framework; name = Foundation.framework; path = System/Library/Frameworks/Foundation.framework; sourceTree = SDKROOT; };
		EEB1E9B919AC717D00BE3A37 /* CoreGraphics.framework */ = {isa = PBXFileReference; lastKnownFileType = wrapper.framework; name = CoreGraphics.framework; path = System/Library/Frameworks/CoreGraphics.framework; sourceTree = SDKROOT; };
		EEB1E9BB19AC717D00BE3A37 /* UIKit.framework */ = {isa = PBXFileReference; lastKnownFileType = wrapper.framework; name = UIKit.framework; path = System/Library/Frameworks/UIKit.framework; sourceTree = SDKROOT; };
		EEB1E9BF19AC717D00BE3A37 /* Epub-Info.plist */ = {isa = PBXFileReference; lastKnownFileType = text.plist.xml; path = "Epub-Info.plist"; sourceTree = "<group>"; };
		EEB1E9C119AC717D00BE3A37 /* en */ = {isa = PBXFileReference; lastKnownFileType = text.plist.strings; name = en; path = en.lproj/InfoPlist.strings; sourceTree = "<group>"; };
		EEB1E9C319AC717D00BE3A37 /* main.m */ = {isa = PBXFileReference; lastKnownFileType = sourcecode.c.objc; path = main.m; sourceTree = "<group>"; };
		EEB1E9C519AC717D00BE3A37 /* Epub-Prefix.pch */ = {isa = PBXFileReference; lastKnownFileType = sourcecode.c.h; path = "Epub-Prefix.pch"; sourceTree = "<group>"; };
		EEB1E9C619AC717D00BE3A37 /* AppDelegate.h */ = {isa = PBXFileReference; lastKnownFileType = sourcecode.c.h; path = AppDelegate.h; sourceTree = "<group>"; };
		EEB1E9C719AC717D00BE3A37 /* AppDelegate.m */ = {isa = PBXFileReference; lastKnownFileType = sourcecode.c.objc; path = AppDelegate.m; sourceTree = "<group>"; };
		EEB1E9CF19AC717D00BE3A37 /* BooksViewController.h */ = {isa = PBXFileReference; lastKnownFileType = sourcecode.c.h; path = BooksViewController.h; sourceTree = "<group>"; };
		EEB1E9D019AC717D00BE3A37 /* BooksViewController.m */ = {isa = PBXFileReference; lastKnownFileType = sourcecode.c.objc; path = BooksViewController.m; sourceTree = "<group>"; };
		EEB1E9D219AC717D00BE3A37 /* Images.xcassets */ = {isa = PBXFileReference; lastKnownFileType = folder.assetcatalog; path = Images.xcassets; sourceTree = "<group>"; };
		EEB1E9D819AC717D00BE3A37 /* EpubTests.xctest */ = {isa = PBXFileReference; explicitFileType = wrapper.cfbundle; includeInIndex = 0; path = EpubTests.xctest; sourceTree = BUILT_PRODUCTS_DIR; };
		EEB1E9D919AC717D00BE3A37 /* XCTest.framework */ = {isa = PBXFileReference; lastKnownFileType = wrapper.framework; name = XCTest.framework; path = Library/Frameworks/XCTest.framework; sourceTree = DEVELOPER_DIR; };
		EEB1E9E119AC717D00BE3A37 /* EpubTests-Info.plist */ = {isa = PBXFileReference; lastKnownFileType = text.plist.xml; path = "EpubTests-Info.plist"; sourceTree = "<group>"; };
		EEB1E9E319AC717D00BE3A37 /* en */ = {isa = PBXFileReference; lastKnownFileType = text.plist.strings; name = en; path = en.lproj/InfoPlist.strings; sourceTree = "<group>"; };
		EEB1E9E519AC717D00BE3A37 /* EpubTests.m */ = {isa = PBXFileReference; lastKnownFileType = sourcecode.c.objc; path = EpubTests.m; sourceTree = "<group>"; };
		EEB1E9F119AC71F200BE3A37 /* LSCollectionViewHelper.h */ = {isa = PBXFileReference; fileEncoding = 4; lastKnownFileType = sourcecode.c.h; path = LSCollectionViewHelper.h; sourceTree = "<group>"; };
		EEB1E9F219AC71F200BE3A37 /* LSCollectionViewHelper.m */ = {isa = PBXFileReference; fileEncoding = 4; lastKnownFileType = sourcecode.c.objc; path = LSCollectionViewHelper.m; sourceTree = "<group>"; };
		EEB1E9F319AC71F200BE3A37 /* LSCollectionViewLayoutHelper.h */ = {isa = PBXFileReference; fileEncoding = 4; lastKnownFileType = sourcecode.c.h; path = LSCollectionViewLayoutHelper.h; sourceTree = "<group>"; };
		EEB1E9F419AC71F200BE3A37 /* LSCollectionViewLayoutHelper.m */ = {isa = PBXFileReference; fileEncoding = 4; lastKnownFileType = sourcecode.c.objc; path = LSCollectionViewLayoutHelper.m; sourceTree = "<group>"; };
		EEB1E9F619AC71F200BE3A37 /* DraggableCollectionViewFlowLayout.h */ = {isa = PBXFileReference; fileEncoding = 4; lastKnownFileType = sourcecode.c.h; path = DraggableCollectionViewFlowLayout.h; sourceTree = "<group>"; };
		EEB1E9F719AC71F200BE3A37 /* DraggableCollectionViewFlowLayout.m */ = {isa = PBXFileReference; fileEncoding = 4; lastKnownFileType = sourcecode.c.objc; path = DraggableCollectionViewFlowLayout.m; sourceTree = "<group>"; };
		EEB1E9F819AC71F200BE3A37 /* UICollectionView+Draggable.h */ = {isa = PBXFileReference; fileEncoding = 4; lastKnownFileType = sourcecode.c.h; path = "UICollectionView+Draggable.h"; sourceTree = "<group>"; };
		EEB1E9F919AC71F200BE3A37 /* UICollectionView+Draggable.m */ = {isa = PBXFileReference; fileEncoding = 4; lastKnownFileType = sourcecode.c.objc; path = "UICollectionView+Draggable.m"; sourceTree = "<group>"; };
		EEB1E9FA19AC71F200BE3A37 /* UICollectionViewDataSource_Draggable.h */ = {isa = PBXFileReference; fileEncoding = 4; lastKnownFileType = sourcecode.c.h; path = UICollectionViewDataSource_Draggable.h; sourceTree = "<group>"; };
		EEB1E9FB19AC71F200BE3A37 /* UICollectionViewLayout_Warpable.h */ = {isa = PBXFileReference; fileEncoding = 4; lastKnownFileType = sourcecode.c.h; path = UICollectionViewLayout_Warpable.h; sourceTree = "<group>"; };
		EEB1EA0619AC730E00BE3A37 /* BookRepository.h */ = {isa = PBXFileReference; fileEncoding = 4; lastKnownFileType = sourcecode.c.h; path = BookRepository.h; sourceTree = "<group>"; };
		EEB1EA0719AC730E00BE3A37 /* BookRepository.m */ = {isa = PBXFileReference; fileEncoding = 4; lastKnownFileType = sourcecode.c.objc; path = BookRepository.m; sourceTree = "<group>"; };
		EEB1EA0919AC755C00BE3A37 /* BooksViewCell.h */ = {isa = PBXFileReference; fileEncoding = 4; lastKnownFileType = sourcecode.c.h; path = BooksViewCell.h; sourceTree = "<group>"; };
		EEB1EA0A19AC755C00BE3A37 /* BooksViewCell.m */ = {isa = PBXFileReference; fileEncoding = 4; lastKnownFileType = sourcecode.c.objc; path = BooksViewCell.m; sourceTree = "<group>"; };
		EEB1EA0C19AC773200BE3A37 /* Book.h */ = {isa = PBXFileReference; fileEncoding = 4; lastKnownFileType = sourcecode.c.h; path = Book.h; sourceTree = "<group>"; };
		EEB1EA0D19AC773200BE3A37 /* Book.m */ = {isa = PBXFileReference; fileEncoding = 4; lastKnownFileType = sourcecode.c.objc; path = Book.m; sourceTree = "<group>"; };
		F619B58C19D2957500407736 /* btn_delete_5s.png */ = {isa = PBXFileReference; lastKnownFileType = image.png; path = btn_delete_5s.png; sourceTree = "<group>"; };
		F619B58D19D2957500407736 /* btn_store_5s.png */ = {isa = PBXFileReference; lastKnownFileType = image.png; path = btn_store_5s.png; sourceTree = "<group>"; };
		F619B59019D29A5100407736 /* BookStoreViewController.h */ = {isa = PBXFileReference; fileEncoding = 4; lastKnownFileType = sourcecode.c.h; path = BookStoreViewController.h; sourceTree = "<group>"; };
		F619B59119D29A5100407736 /* BookStoreViewController.m */ = {isa = PBXFileReference; fileEncoding = 4; lastKnownFileType = sourcecode.c.objc; path = BookStoreViewController.m; sourceTree = "<group>"; };
		F640D2F419B05D8B0018A1D7 /* hondana_5s.jpg */ = {isa = PBXFileReference; lastKnownFileType = image.jpeg; path = hondana_5s.jpg; sourceTree = "<group>"; };
		F640D2F619B05E220018A1D7 /* book.jpg */ = {isa = PBXFileReference; lastKnownFileType = image.jpeg; path = book.jpg; sourceTree = "<group>"; };
		F640D2F919B05E7D0018A1D7 /* CommonUtils.h */ = {isa = PBXFileReference; fileEncoding = 4; lastKnownFileType = sourcecode.c.h; path = CommonUtils.h; sourceTree = "<group>"; };
		F640D2FA19B05E7D0018A1D7 /* CommonUtils.m */ = {isa = PBXFileReference; fileEncoding = 4; lastKnownFileType = sourcecode.c.objc; path = CommonUtils.m; sourceTree = "<group>"; };
		F640D2FB19B05E7D0018A1D7 /* Net.h */ = {isa = PBXFileReference; fileEncoding = 4; lastKnownFileType = sourcecode.c.h; path = Net.h; sourceTree = "<group>"; };
		F640D2FC19B05E7D0018A1D7 /* Net.m */ = {isa = PBXFileReference; fileEncoding = 4; lastKnownFileType = sourcecode.c.objc; path = Net.m; sourceTree = "<group>"; };
		F640D30019B05FE30018A1D7 /* GAI.h */ = {isa = PBXFileReference; fileEncoding = 4; lastKnownFileType = sourcecode.c.h; path = GAI.h; sourceTree = "<group>"; };
		F640D30119B05FE30018A1D7 /* GAIDictionaryBuilder.h */ = {isa = PBXFileReference; fileEncoding = 4; lastKnownFileType = sourcecode.c.h; path = GAIDictionaryBuilder.h; sourceTree = "<group>"; };
		F640D30219B05FE30018A1D7 /* GAIFields.h */ = {isa = PBXFileReference; fileEncoding = 4; lastKnownFileType = sourcecode.c.h; path = GAIFields.h; sourceTree = "<group>"; };
		F640D30319B05FE30018A1D7 /* GAILogger.h */ = {isa = PBXFileReference; fileEncoding = 4; lastKnownFileType = sourcecode.c.h; path = GAILogger.h; sourceTree = "<group>"; };
		F640D30419B05FE30018A1D7 /* GAITrackedViewController.h */ = {isa = PBXFileReference; fileEncoding = 4; lastKnownFileType = sourcecode.c.h; path = GAITrackedViewController.h; sourceTree = "<group>"; };
		F640D30519B05FE30018A1D7 /* GAITracker.h */ = {isa = PBXFileReference; fileEncoding = 4; lastKnownFileType = sourcecode.c.h; path = GAITracker.h; sourceTree = "<group>"; };
		F640D30719BEEDAF0018A1D7 /* default.epub */ = {isa = PBXFileReference; lastKnownFileType = file; path = default.epub; sourceTree = "<group>"; };
		F640D30819BEEDAF0018A1D7 /* Dumas - The Count of Monte Cristo.epub */ = {isa = PBXFileReference; lastKnownFileType = file; path = "Dumas - The Count of Monte Cristo.epub"; sourceTree = "<group>"; };
		F640D30919BEEDAF0018A1D7 /* EPUBBestPractices-1_0_3.epub */ = {isa = PBXFileReference; lastKnownFileType = file; path = "EPUBBestPractices-1_0_3.epub"; sourceTree = "<group>"; };
		F640D30A19BEEDAF0018A1D7 /* melville-moby-dick.epub */ = {isa = PBXFileReference; lastKnownFileType = file; path = "melville-moby-dick.epub"; sourceTree = "<group>"; };
		F640D30B19BEEDAF0018A1D7 /* pg31232-images.epub */ = {isa = PBXFileReference; lastKnownFileType = file; path = "pg31232-images.epub"; sourceTree = "<group>"; };
		F640D30C19BEEDAF0018A1D7 /* Stross - Accelerando.epub */ = {isa = PBXFileReference; lastKnownFileType = file; path = "Stross - Accelerando.epub"; sourceTree = "<group>"; };
		F640D30D19BEEDAF0018A1D7 /* Treasure_Island.epub */ = {isa = PBXFileReference; lastKnownFileType = file; path = Treasure_Island.epub; sourceTree = "<group>"; };
		F640D30F19BEEDAF0018A1D7 /* CBook.h */ = {isa = PBXFileReference; fileEncoding = 4; lastKnownFileType = sourcecode.c.h; path = CBook.h; sourceTree = "<group>"; };
		F640D31019BEEDAF0018A1D7 /* CBook.m */ = {isa = PBXFileReference; fileEncoding = 4; lastKnownFileType = sourcecode.c.objc; path = CBook.m; sourceTree = "<group>"; };
		F640D31119BEEDAF0018A1D7 /* CBookContainer.h */ = {isa = PBXFileReference; fileEncoding = 4; lastKnownFileType = sourcecode.c.h; path = CBookContainer.h; sourceTree = "<group>"; };
		F640D31219BEEDAF0018A1D7 /* CBookContainer.m */ = {isa = PBXFileReference; fileEncoding = 4; lastKnownFileType = sourcecode.c.objc; path = CBookContainer.m; sourceTree = "<group>"; };
		F640D31319BEEDAF0018A1D7 /* CBookLibrary.h */ = {isa = PBXFileReference; fileEncoding = 4; lastKnownFileType = sourcecode.c.h; path = CBookLibrary.h; sourceTree = "<group>"; };
		F640D31419BEEDAF0018A1D7 /* CBookLibrary.m */ = {isa = PBXFileReference; fileEncoding = 4; lastKnownFileType = sourcecode.c.objc; path = CBookLibrary.m; sourceTree = "<group>"; };
		F640D31819BEEDAF0018A1D7 /* CSection.h */ = {isa = PBXFileReference; fileEncoding = 4; lastKnownFileType = sourcecode.c.h; path = CSection.h; sourceTree = "<group>"; };
		F640D31919BEEDAF0018A1D7 /* CSection.m */ = {isa = PBXFileReference; fileEncoding = 4; lastKnownFileType = sourcecode.c.objc; path = CSection.m; sourceTree = "<group>"; };
		F640D31A19BEEDAF0018A1D7 /* CTouchBookPageViewController.h */ = {isa = PBXFileReference; fileEncoding = 4; lastKnownFileType = sourcecode.c.h; path = CTouchBookPageViewController.h; sourceTree = "<group>"; };
		F640D31B19BEEDAF0018A1D7 /* CTouchBookPageViewController.m */ = {isa = PBXFileReference; fileEncoding = 4; lastKnownFileType = sourcecode.c.objc; path = CTouchBookPageViewController.m; sourceTree = "<group>"; };
		F640D33319BEFCF30018A1D7 /* libz.1.2.5.dylib */ = {isa = PBXFileReference; lastKnownFileType = "compiled.mach-o.dylib"; name = libz.1.2.5.dylib; path = usr/lib/libz.1.2.5.dylib; sourceTree = SDKROOT; };
		F640D33719BEFF0F0018A1D7 /* CXMLDocument_CreationExtensions.h */ = {isa = PBXFileReference; fileEncoding = 4; lastKnownFileType = sourcecode.c.h; path = CXMLDocument_CreationExtensions.h; sourceTree = "<group>"; };
		F640D33819BEFF0F0018A1D7 /* CXMLDocument_CreationExtensions.m */ = {isa = PBXFileReference; fileEncoding = 4; lastKnownFileType = sourcecode.c.objc; path = CXMLDocument_CreationExtensions.m; sourceTree = "<group>"; };
		F640D33919BEFF0F0018A1D7 /* CXMLNode_CreationExtensions.h */ = {isa = PBXFileReference; fileEncoding = 4; lastKnownFileType = sourcecode.c.h; path = CXMLNode_CreationExtensions.h; sourceTree = "<group>"; };
		F640D33A19BEFF0F0018A1D7 /* CXMLNode_CreationExtensions.m */ = {isa = PBXFileReference; fileEncoding = 4; lastKnownFileType = sourcecode.c.objc; path = CXMLNode_CreationExtensions.m; sourceTree = "<group>"; };
		F640D33B19BEFF0F0018A1D7 /* CXMLDocument.h */ = {isa = PBXFileReference; fileEncoding = 4; lastKnownFileType = sourcecode.c.h; path = CXMLDocument.h; sourceTree = "<group>"; };
		F640D33C19BEFF0F0018A1D7 /* CXMLDocument.m */ = {isa = PBXFileReference; fileEncoding = 4; lastKnownFileType = sourcecode.c.objc; path = CXMLDocument.m; sourceTree = "<group>"; };
		F640D33D19BEFF0F0018A1D7 /* CXMLDocument_PrivateExtensions.h */ = {isa = PBXFileReference; fileEncoding = 4; lastKnownFileType = sourcecode.c.h; path = CXMLDocument_PrivateExtensions.h; sourceTree = "<group>"; };
		F640D33E19BEFF0F0018A1D7 /* CXMLDocument_PrivateExtensions.m */ = {isa = PBXFileReference; fileEncoding = 4; lastKnownFileType = sourcecode.c.objc; path = CXMLDocument_PrivateExtensions.m; sourceTree = "<group>"; };
		F640D33F19BEFF0F0018A1D7 /* CXMLElement.h */ = {isa = PBXFileReference; fileEncoding = 4; lastKnownFileType = sourcecode.c.h; path = CXMLElement.h; sourceTree = "<group>"; };
		F640D34019BEFF0F0018A1D7 /* CXMLElement.m */ = {isa = PBXFileReference; fileEncoding = 4; lastKnownFileType = sourcecode.c.objc; path = CXMLElement.m; sourceTree = "<group>"; };
		F640D34119BEFF0F0018A1D7 /* CXMLElement_CreationExtensions.h */ = {isa = PBXFileReference; fileEncoding = 4; lastKnownFileType = sourcecode.c.h; path = CXMLElement_CreationExtensions.h; sourceTree = "<group>"; };
		F640D34219BEFF0F0018A1D7 /* CXMLElement_CreationExtensions.m */ = {isa = PBXFileReference; fileEncoding = 4; lastKnownFileType = sourcecode.c.objc; path = CXMLElement_CreationExtensions.m; sourceTree = "<group>"; };
		F640D34319BEFF0F0018A1D7 /* CXMLElement_ElementTreeExtensions.h */ = {isa = PBXFileReference; fileEncoding = 4; lastKnownFileType = sourcecode.c.h; path = CXMLElement_ElementTreeExtensions.h; sourceTree = "<group>"; };
		F640D34419BEFF0F0018A1D7 /* CXMLElement_ElementTreeExtensions.m */ = {isa = PBXFileReference; fileEncoding = 4; lastKnownFileType = sourcecode.c.objc; path = CXMLElement_ElementTreeExtensions.m; sourceTree = "<group>"; };
		F640D34519BEFF0F0018A1D7 /* CXMLNode.h */ = {isa = PBXFileReference; fileEncoding = 4; lastKnownFileType = sourcecode.c.h; path = CXMLNode.h; sourceTree = "<group>"; };
		F640D34619BEFF0F0018A1D7 /* CXMLNode.m */ = {isa = PBXFileReference; fileEncoding = 4; lastKnownFileType = sourcecode.c.objc; path = CXMLNode.m; sourceTree = "<group>"; };
		F640D34719BEFF0F0018A1D7 /* CXMLNode_PrivateExtensions.h */ = {isa = PBXFileReference; fileEncoding = 4; lastKnownFileType = sourcecode.c.h; path = CXMLNode_PrivateExtensions.h; sourceTree = "<group>"; };
		F640D34819BEFF0F0018A1D7 /* CXMLNode_PrivateExtensions.m */ = {isa = PBXFileReference; fileEncoding = 4; lastKnownFileType = sourcecode.c.objc; path = CXMLNode_PrivateExtensions.m; sourceTree = "<group>"; };
		F640D34919BEFF0F0018A1D7 /* CXMLNode_XPathExtensions.h */ = {isa = PBXFileReference; fileEncoding = 4; lastKnownFileType = sourcecode.c.h; path = CXMLNode_XPathExtensions.h; sourceTree = "<group>"; };
		F640D34A19BEFF0F0018A1D7 /* CXMLNode_XPathExtensions.m */ = {isa = PBXFileReference; fileEncoding = 4; lastKnownFileType = sourcecode.c.objc; path = CXMLNode_XPathExtensions.m; sourceTree = "<group>"; };
		F640D34C19BEFF0F0018A1D7 /* CTidy.h */ = {isa = PBXFileReference; fileEncoding = 4; lastKnownFileType = sourcecode.c.h; path = CTidy.h; sourceTree = "<group>"; };
		F640D34D19BEFF0F0018A1D7 /* CTidy.m */ = {isa = PBXFileReference; fileEncoding = 4; lastKnownFileType = sourcecode.c.objc; path = CTidy.m; sourceTree = "<group>"; };
		F640D34E19BEFF0F0018A1D7 /* TouchXML.h */ = {isa = PBXFileReference; fileEncoding = 4; lastKnownFileType = sourcecode.c.h; path = TouchXML.h; sourceTree = "<group>"; };
		F640D35A19BF04E20018A1D7 /* libxml2.dylib */ = {isa = PBXFileReference; lastKnownFileType = "compiled.mach-o.dylib"; name = libxml2.dylib; path = usr/lib/libxml2.dylib; sourceTree = SDKROOT; };
		F640D35C19BF08C90018A1D7 /* oreilly-978-4-87311-522-1e.epub */ = {isa = PBXFileReference; lastKnownFileType = file; path = "oreilly-978-4-87311-522-1e.epub"; sourceTree = "<group>"; };
		F640D35D19BF08C90018A1D7 /* oreilly-978-4-87311-542-9e.epub */ = {isa = PBXFileReference; lastKnownFileType = file; path = "oreilly-978-4-87311-542-9e.epub"; sourceTree = "<group>"; };
		F640D36119BF11D50018A1D7 /* crypt.h */ = {isa = PBXFileReference; fileEncoding = 4; lastKnownFileType = sourcecode.c.h; path = crypt.h; sourceTree = "<group>"; };
		F640D36219BF11D50018A1D7 /* ioapi.c */ = {isa = PBXFileReference; fileEncoding = 4; lastKnownFileType = sourcecode.c.c; path = ioapi.c; sourceTree = "<group>"; };
		F640D36319BF11D50018A1D7 /* ioapi.h */ = {isa = PBXFileReference; fileEncoding = 4; lastKnownFileType = sourcecode.c.h; path = ioapi.h; sourceTree = "<group>"; };
		F640D36419BF11D50018A1D7 /* mztools.c */ = {isa = PBXFileReference; fileEncoding = 4; lastKnownFileType = sourcecode.c.c; path = mztools.c; sourceTree = "<group>"; };
		F640D36519BF11D50018A1D7 /* mztools.h */ = {isa = PBXFileReference; fileEncoding = 4; lastKnownFileType = sourcecode.c.h; path = mztools.h; sourceTree = "<group>"; };
		F640D36619BF11D50018A1D7 /* unzip.c */ = {isa = PBXFileReference; fileEncoding = 4; lastKnownFileType = sourcecode.c.c; path = unzip.c; sourceTree = "<group>"; };
		F640D36719BF11D50018A1D7 /* unzip.h */ = {isa = PBXFileReference; fileEncoding = 4; lastKnownFileType = sourcecode.c.h; path = unzip.h; sourceTree = "<group>"; };
		F640D36819BF11D50018A1D7 /* zip.c */ = {isa = PBXFileReference; fileEncoding = 4; lastKnownFileType = sourcecode.c.c; path = zip.c; sourceTree = "<group>"; };
		F640D36919BF11D50018A1D7 /* zip.h */ = {isa = PBXFileReference; fileEncoding = 4; lastKnownFileType = sourcecode.c.h; path = zip.h; sourceTree = "<group>"; };
		F640D36A19BF11D50018A1D7 /* ZipArchive.h */ = {isa = PBXFileReference; fileEncoding = 4; lastKnownFileType = sourcecode.c.h; path = ZipArchive.h; sourceTree = "<group>"; };
		F640D36B19BF11D50018A1D7 /* ZipArchive.mm */ = {isa = PBXFileReference; fileEncoding = 4; lastKnownFileType = sourcecode.cpp.objcpp; path = ZipArchive.mm; sourceTree = "<group>"; };
		F6F167BC19D40BAA00EDC296 /* btn_library_5s.png */ = {isa = PBXFileReference; lastKnownFileType = image.png; path = btn_library_5s.png; sourceTree = "<group>"; };
/* End PBXFileReference section */

/* Begin PBXFrameworksBuildPhase section */
		EEB1E9B119AC717D00BE3A37 /* Frameworks */ = {
			isa = PBXFrameworksBuildPhase;
			buildActionMask = 2147483647;
			files = (
				F640D35E19BF119A0018A1D7 /* libz.1.2.5.dylib in Frameworks */,
				F640D35B19BF04E20018A1D7 /* libxml2.dylib in Frameworks */,
				EEB1E9BA19AC717D00BE3A37 /* CoreGraphics.framework in Frameworks */,
				EEB1E9BC19AC717D00BE3A37 /* UIKit.framework in Frameworks */,
				EEB1E9B819AC717D00BE3A37 /* Foundation.framework in Frameworks */,
			);
			runOnlyForDeploymentPostprocessing = 0;
		};
		EEB1E9D519AC717D00BE3A37 /* Frameworks */ = {
			isa = PBXFrameworksBuildPhase;
			buildActionMask = 2147483647;
			files = (
				EEB1E9DA19AC717D00BE3A37 /* XCTest.framework in Frameworks */,
				EEB1E9DC19AC717D00BE3A37 /* UIKit.framework in Frameworks */,
				EEB1E9DB19AC717D00BE3A37 /* Foundation.framework in Frameworks */,
			);
			runOnlyForDeploymentPostprocessing = 0;
		};
/* End PBXFrameworksBuildPhase section */

/* Begin PBXGroup section */
		EEB1E9AB19AC717D00BE3A37 = {
			isa = PBXGroup;
			children = (
				EEB1E9BD19AC717D00BE3A37 /* Epub */,
				EEB1E9DF19AC717D00BE3A37 /* EpubTests */,
				EEB1E9B619AC717D00BE3A37 /* Frameworks */,
				EEB1E9B519AC717D00BE3A37 /* Products */,
			);
			sourceTree = "<group>";
		};
		EEB1E9B519AC717D00BE3A37 /* Products */ = {
			isa = PBXGroup;
			children = (
				EEB1E9B419AC717D00BE3A37 /* Epub.app */,
				EEB1E9D819AC717D00BE3A37 /* EpubTests.xctest */,
			);
			name = Products;
			sourceTree = "<group>";
		};
		EEB1E9B619AC717D00BE3A37 /* Frameworks */ = {
			isa = PBXGroup;
			children = (
				F640D35A19BF04E20018A1D7 /* libxml2.dylib */,
				F640D33319BEFCF30018A1D7 /* libz.1.2.5.dylib */,
				EEB1E9B719AC717D00BE3A37 /* Foundation.framework */,
				EEB1E9B919AC717D00BE3A37 /* CoreGraphics.framework */,
				EEB1E9BB19AC717D00BE3A37 /* UIKit.framework */,
				EEB1E9D919AC717D00BE3A37 /* XCTest.framework */,
			);
			name = Frameworks;
			sourceTree = "<group>";
		};
		EEB1E9BD19AC717D00BE3A37 /* Epub */ = {
			isa = PBXGroup;
			children = (
				F640D35F19BF11D50018A1D7 /* ZipArchive */,
				F640D30619BEEDAF0018A1D7 /* Books */,
				F640D30E19BEEDAF0018A1D7 /* CBook */,
				EEB1E9EF19AC71F200BE3A37 /* DraggableCollectionView */,
				EEB1E9C619AC717D00BE3A37 /* AppDelegate.h */,
				EEB1E9C719AC717D00BE3A37 /* AppDelegate.m */,
				EEB1EA0619AC730E00BE3A37 /* BookRepository.h */,
				EEB1EA0719AC730E00BE3A37 /* BookRepository.m */,
				EEB1E9CF19AC717D00BE3A37 /* BooksViewController.h */,
				EEB1E9D019AC717D00BE3A37 /* BooksViewController.m */,
				F619B59019D29A5100407736 /* BookStoreViewController.h */,
				F619B59119D29A5100407736 /* BookStoreViewController.m */,
				EEB1EA0919AC755C00BE3A37 /* BooksViewCell.h */,
				EEB1EA0A19AC755C00BE3A37 /* BooksViewCell.m */,
				EEB1EA0C19AC773200BE3A37 /* Book.h */,
				EEB1EA0D19AC773200BE3A37 /* Book.m */,
				F640D33519BEFF0F0018A1D7 /* Touch */,
				F640D2FF19B05FE30018A1D7 /* GAI */,
				F640D2F819B05E7D0018A1D7 /* Utils */,
				F640D2F319B05D8B0018A1D7 /* Images */,
				EEB1E9D219AC717D00BE3A37 /* Images.xcassets */,
				EEB1E9BE19AC717D00BE3A37 /* Supporting Files */,
			);
			path = Epub;
			sourceTree = "<group>";
		};
		EEB1E9BE19AC717D00BE3A37 /* Supporting Files */ = {
			isa = PBXGroup;
			children = (
				EEB1E9BF19AC717D00BE3A37 /* Epub-Info.plist */,
				EEB1E9C019AC717D00BE3A37 /* InfoPlist.strings */,
				EEB1E9C319AC717D00BE3A37 /* main.m */,
				EEB1E9C519AC717D00BE3A37 /* Epub-Prefix.pch */,
			);
			name = "Supporting Files";
			sourceTree = "<group>";
		};
		EEB1E9DF19AC717D00BE3A37 /* EpubTests */ = {
			isa = PBXGroup;
			children = (
				EEB1E9E519AC717D00BE3A37 /* EpubTests.m */,
				EEB1E9E019AC717D00BE3A37 /* Supporting Files */,
			);
			path = EpubTests;
			sourceTree = "<group>";
		};
		EEB1E9E019AC717D00BE3A37 /* Supporting Files */ = {
			isa = PBXGroup;
			children = (
				EEB1E9E119AC717D00BE3A37 /* EpubTests-Info.plist */,
				EEB1E9E219AC717D00BE3A37 /* InfoPlist.strings */,
			);
			name = "Supporting Files";
			sourceTree = "<group>";
		};
		EEB1E9EF19AC71F200BE3A37 /* DraggableCollectionView */ = {
			isa = PBXGroup;
			children = (
				EEB1E9F019AC71F200BE3A37 /* Helpers */,
				EEB1E9F519AC71F200BE3A37 /* Layout */,
				EEB1E9F819AC71F200BE3A37 /* UICollectionView+Draggable.h */,
				EEB1E9F919AC71F200BE3A37 /* UICollectionView+Draggable.m */,
				EEB1E9FA19AC71F200BE3A37 /* UICollectionViewDataSource_Draggable.h */,
				EEB1E9FB19AC71F200BE3A37 /* UICollectionViewLayout_Warpable.h */,
			);
			path = DraggableCollectionView;
			sourceTree = "<group>";
		};
		EEB1E9F019AC71F200BE3A37 /* Helpers */ = {
			isa = PBXGroup;
			children = (
				EEB1E9F119AC71F200BE3A37 /* LSCollectionViewHelper.h */,
				EEB1E9F219AC71F200BE3A37 /* LSCollectionViewHelper.m */,
				EEB1E9F319AC71F200BE3A37 /* LSCollectionViewLayoutHelper.h */,
				EEB1E9F419AC71F200BE3A37 /* LSCollectionViewLayoutHelper.m */,
			);
			path = Helpers;
			sourceTree = "<group>";
		};
		EEB1E9F519AC71F200BE3A37 /* Layout */ = {
			isa = PBXGroup;
			children = (
				EEB1E9F619AC71F200BE3A37 /* DraggableCollectionViewFlowLayout.h */,
				EEB1E9F719AC71F200BE3A37 /* DraggableCollectionViewFlowLayout.m */,
			);
			path = Layout;
			sourceTree = "<group>";
		};
		F640D2F319B05D8B0018A1D7 /* Images */ = {
			isa = PBXGroup;
			children = (
				F619B58C19D2957500407736 /* btn_delete_5s.png */,
				F619B58D19D2957500407736 /* btn_store_5s.png */,
				F6F167BC19D40BAA00EDC296 /* btn_library_5s.png */,
				F640D2F619B05E220018A1D7 /* book.jpg */,
				F640D2F419B05D8B0018A1D7 /* hondana_5s.jpg */,
			);
			path = Images;
			sourceTree = "<group>";
		};
		F640D2F819B05E7D0018A1D7 /* Utils */ = {
			isa = PBXGroup;
			children = (
				F640D2F919B05E7D0018A1D7 /* CommonUtils.h */,
				F640D2FA19B05E7D0018A1D7 /* CommonUtils.m */,
				F640D2FB19B05E7D0018A1D7 /* Net.h */,
				F640D2FC19B05E7D0018A1D7 /* Net.m */,
			);
			path = Utils;
			sourceTree = "<group>";
		};
		F640D2FF19B05FE30018A1D7 /* GAI */ = {
			isa = PBXGroup;
			children = (
				F640D30019B05FE30018A1D7 /* GAI.h */,
				F640D30119B05FE30018A1D7 /* GAIDictionaryBuilder.h */,
				F640D30219B05FE30018A1D7 /* GAIFields.h */,
				F640D30319B05FE30018A1D7 /* GAILogger.h */,
				F640D30419B05FE30018A1D7 /* GAITrackedViewController.h */,
				F640D30519B05FE30018A1D7 /* GAITracker.h */,
			);
			path = GAI;
			sourceTree = "<group>";
		};
		F640D30619BEEDAF0018A1D7 /* Books */ = {
			isa = PBXGroup;
			children = (
				F640D35C19BF08C90018A1D7 /* oreilly-978-4-87311-522-1e.epub */,
				F640D35D19BF08C90018A1D7 /* oreilly-978-4-87311-542-9e.epub */,
				F640D30719BEEDAF0018A1D7 /* default.epub */,
				F640D30819BEEDAF0018A1D7 /* Dumas - The Count of Monte Cristo.epub */,
				F640D30919BEEDAF0018A1D7 /* EPUBBestPractices-1_0_3.epub */,
				F640D30A19BEEDAF0018A1D7 /* melville-moby-dick.epub */,
				F640D30B19BEEDAF0018A1D7 /* pg31232-images.epub */,
				F640D30C19BEEDAF0018A1D7 /* Stross - Accelerando.epub */,
				F640D30D19BEEDAF0018A1D7 /* Treasure_Island.epub */,
			);
			path = Books;
			sourceTree = "<group>";
		};
		F640D30E19BEEDAF0018A1D7 /* CBook */ = {
			isa = PBXGroup;
			children = (
				F640D30F19BEEDAF0018A1D7 /* CBook.h */,
				F640D31019BEEDAF0018A1D7 /* CBook.m */,
				F640D31119BEEDAF0018A1D7 /* CBookContainer.h */,
				F640D31219BEEDAF0018A1D7 /* CBookContainer.m */,
				F640D31319BEEDAF0018A1D7 /* CBookLibrary.h */,
				F640D31419BEEDAF0018A1D7 /* CBookLibrary.m */,
				F640D31819BEEDAF0018A1D7 /* CSection.h */,
				F640D31919BEEDAF0018A1D7 /* CSection.m */,
				F640D31A19BEEDAF0018A1D7 /* CTouchBookPageViewController.h */,
				F640D31B19BEEDAF0018A1D7 /* CTouchBookPageViewController.m */,
			);
			path = CBook;
			sourceTree = "<group>";
		};
		F640D33519BEFF0F0018A1D7 /* Touch */ = {
			isa = PBXGroup;
			children = (
				F640D33619BEFF0F0018A1D7 /* Creation */,
				F640D33B19BEFF0F0018A1D7 /* CXMLDocument.h */,
				F640D33C19BEFF0F0018A1D7 /* CXMLDocument.m */,
				F640D33D19BEFF0F0018A1D7 /* CXMLDocument_PrivateExtensions.h */,
				F640D33E19BEFF0F0018A1D7 /* CXMLDocument_PrivateExtensions.m */,
				F640D33F19BEFF0F0018A1D7 /* CXMLElement.h */,
				F640D34019BEFF0F0018A1D7 /* CXMLElement.m */,
				F640D34119BEFF0F0018A1D7 /* CXMLElement_CreationExtensions.h */,
				F640D34219BEFF0F0018A1D7 /* CXMLElement_CreationExtensions.m */,
				F640D34319BEFF0F0018A1D7 /* CXMLElement_ElementTreeExtensions.h */,
				F640D34419BEFF0F0018A1D7 /* CXMLElement_ElementTreeExtensions.m */,
				F640D34519BEFF0F0018A1D7 /* CXMLNode.h */,
				F640D34619BEFF0F0018A1D7 /* CXMLNode.m */,
				F640D34719BEFF0F0018A1D7 /* CXMLNode_PrivateExtensions.h */,
				F640D34819BEFF0F0018A1D7 /* CXMLNode_PrivateExtensions.m */,
				F640D34919BEFF0F0018A1D7 /* CXMLNode_XPathExtensions.h */,
				F640D34A19BEFF0F0018A1D7 /* CXMLNode_XPathExtensions.m */,
				F640D34B19BEFF0F0018A1D7 /* Tidy */,
				F640D34E19BEFF0F0018A1D7 /* TouchXML.h */,
			);
			path = Touch;
			sourceTree = "<group>";
		};
		F640D33619BEFF0F0018A1D7 /* Creation */ = {
			isa = PBXGroup;
			children = (
				F640D33719BEFF0F0018A1D7 /* CXMLDocument_CreationExtensions.h */,
				F640D33819BEFF0F0018A1D7 /* CXMLDocument_CreationExtensions.m */,
				F640D33919BEFF0F0018A1D7 /* CXMLNode_CreationExtensions.h */,
				F640D33A19BEFF0F0018A1D7 /* CXMLNode_CreationExtensions.m */,
			);
			path = Creation;
			sourceTree = "<group>";
		};
		F640D34B19BEFF0F0018A1D7 /* Tidy */ = {
			isa = PBXGroup;
			children = (
				F640D34C19BEFF0F0018A1D7 /* CTidy.h */,
				F640D34D19BEFF0F0018A1D7 /* CTidy.m */,
			);
			path = Tidy;
			sourceTree = "<group>";
		};
		F640D35F19BF11D50018A1D7 /* ZipArchive */ = {
			isa = PBXGroup;
			children = (
				F640D36019BF11D50018A1D7 /* minizip */,
				F640D36A19BF11D50018A1D7 /* ZipArchive.h */,
				F640D36B19BF11D50018A1D7 /* ZipArchive.mm */,
			);
			path = ZipArchive;
			sourceTree = "<group>";
		};
		F640D36019BF11D50018A1D7 /* minizip */ = {
			isa = PBXGroup;
			children = (
				F640D36119BF11D50018A1D7 /* crypt.h */,
				F640D36219BF11D50018A1D7 /* ioapi.c */,
				F640D36319BF11D50018A1D7 /* ioapi.h */,
				F640D36419BF11D50018A1D7 /* mztools.c */,
				F640D36519BF11D50018A1D7 /* mztools.h */,
				F640D36619BF11D50018A1D7 /* unzip.c */,
				F640D36719BF11D50018A1D7 /* unzip.h */,
				F640D36819BF11D50018A1D7 /* zip.c */,
				F640D36919BF11D50018A1D7 /* zip.h */,
			);
			path = minizip;
			sourceTree = "<group>";
		};
/* End PBXGroup section */

/* Begin PBXNativeTarget section */
		EEB1E9B319AC717D00BE3A37 /* Epub */ = {
			isa = PBXNativeTarget;
			buildConfigurationList = EEB1E9E919AC717D00BE3A37 /* Build configuration list for PBXNativeTarget "Epub" */;
			buildPhases = (
				EEB1E9B019AC717D00BE3A37 /* Sources */,
				EEB1E9B119AC717D00BE3A37 /* Frameworks */,
				EEB1E9B219AC717D00BE3A37 /* Resources */,
			);
			buildRules = (
			);
			dependencies = (
			);
			name = Epub;
			productName = Epub;
			productReference = EEB1E9B419AC717D00BE3A37 /* Epub.app */;
			productType = "com.apple.product-type.application";
		};
		EEB1E9D719AC717D00BE3A37 /* EpubTests */ = {
			isa = PBXNativeTarget;
			buildConfigurationList = EEB1E9EC19AC717D00BE3A37 /* Build configuration list for PBXNativeTarget "EpubTests" */;
			buildPhases = (
				EEB1E9D419AC717D00BE3A37 /* Sources */,
				EEB1E9D519AC717D00BE3A37 /* Frameworks */,
				EEB1E9D619AC717D00BE3A37 /* Resources */,
			);
			buildRules = (
			);
			dependencies = (
				EEB1E9DE19AC717D00BE3A37 /* PBXTargetDependency */,
			);
			name = EpubTests;
			productName = EpubTests;
			productReference = EEB1E9D819AC717D00BE3A37 /* EpubTests.xctest */;
			productType = "com.apple.product-type.bundle.unit-test";
		};
/* End PBXNativeTarget section */

/* Begin PBXProject section */
		EEB1E9AC19AC717D00BE3A37 /* Project object */ = {
			isa = PBXProject;
			attributes = {
				LastUpgradeCheck = 0510;
				ORGANIZATIONNAME = IppeiTakahashi;
				TargetAttributes = {
					EEB1E9D719AC717D00BE3A37 = {
						TestTargetID = EEB1E9B319AC717D00BE3A37;
					};
				};
			};
			buildConfigurationList = EEB1E9AF19AC717D00BE3A37 /* Build configuration list for PBXProject "Epub" */;
			compatibilityVersion = "Xcode 3.2";
			developmentRegion = English;
			hasScannedForEncodings = 0;
			knownRegions = (
				en,
				Base,
			);
			mainGroup = EEB1E9AB19AC717D00BE3A37;
			productRefGroup = EEB1E9B519AC717D00BE3A37 /* Products */;
			projectDirPath = "";
			projectRoot = "";
			targets = (
				EEB1E9B319AC717D00BE3A37 /* Epub */,
				EEB1E9D719AC717D00BE3A37 /* EpubTests */,
			);
		};
/* End PBXProject section */

/* Begin PBXResourcesBuildPhase section */
		EEB1E9B219AC717D00BE3A37 /* Resources */ = {
			isa = PBXResourcesBuildPhase;
			buildActionMask = 2147483647;
			files = (
				EEB1E9D319AC717D00BE3A37 /* Images.xcassets in Resources */,
				EEB1E9C219AC717D00BE3A37 /* InfoPlist.strings in Resources */,
				F640D32819BEEDAF0018A1D7 /* Treasure_Island.epub in Resources */,
				F640D32219BEEDAF0018A1D7 /* default.epub in Resources */,
				F619B58F19D2957500407736 /* btn_store_5s.png in Resources */,
				F640D32619BEEDAF0018A1D7 /* pg31232-images.epub in Resources */,
				F640D32319BEEDAF0018A1D7 /* Dumas - The Count of Monte Cristo.epub in Resources */,
				F640D32719BEEDAF0018A1D7 /* Stross - Accelerando.epub in Resources */,
				F6F167BD19D40BAA00EDC296 /* btn_library_5s.png in Resources */,
				F640D2F719B05E220018A1D7 /* book.jpg in Resources */,
				F640D2F519B05D8B0018A1D7 /* hondana_5s.jpg in Resources */,
				F619B58E19D2957500407736 /* btn_delete_5s.png in Resources */,
				F640D32419BEEDAF0018A1D7 /* EPUBBestPractices-1_0_3.epub in Resources */,
				F640D32519BEEDAF0018A1D7 /* melville-moby-dick.epub in Resources */,
			);
			runOnlyForDeploymentPostprocessing = 0;
		};
		EEB1E9D619AC717D00BE3A37 /* Resources */ = {
			isa = PBXResourcesBuildPhase;
			buildActionMask = 2147483647;
			files = (
				EEB1E9E419AC717D00BE3A37 /* InfoPlist.strings in Resources */,
			);
			runOnlyForDeploymentPostprocessing = 0;
		};
/* End PBXResourcesBuildPhase section */

/* Begin PBXSourcesBuildPhase section */
		EEB1E9B019AC717D00BE3A37 /* Sources */ = {
			isa = PBXSourcesBuildPhase;
			buildActionMask = 2147483647;
			files = (
				F640D35419BEFF0F0018A1D7 /* CXMLElement_CreationExtensions.m in Sources */,
				F640D36E19BF11D50018A1D7 /* unzip.c in Sources */,
				F640D32F19BEEDAF0018A1D7 /* CTouchBookPageViewController.m in Sources */,
				F640D32E19BEEDAF0018A1D7 /* CSection.m in Sources */,
				EEB1E9FE19AC71F200BE3A37 /* DraggableCollectionViewFlowLayout.m in Sources */,
				F640D35919BEFF0F0018A1D7 /* CTidy.m in Sources */,
				EEB1E9D119AC717D00BE3A37 /* BooksViewController.m in Sources */,
				EEB1EA0B19AC755C00BE3A37 /* BooksViewCell.m in Sources */,
				F640D2FE19B05E7D0018A1D7 /* Net.m in Sources */,
				F640D36F19BF11D50018A1D7 /* zip.c in Sources */,
				F640D35519BEFF0F0018A1D7 /* CXMLElement_ElementTreeExtensions.m in Sources */,
				F640D34F19BEFF0F0018A1D7 /* CXMLDocument_CreationExtensions.m in Sources */,
				EEB1EA0E19AC773200BE3A37 /* Book.m in Sources */,
				F619B59219D29A5100407736 /* BookStoreViewController.m in Sources */,
				F640D36C19BF11D50018A1D7 /* ioapi.c in Sources */,
				F640D32B19BEEDAF0018A1D7 /* CBookLibrary.m in Sources */,
				F640D32919BEEDAF0018A1D7 /* CBook.m in Sources */,
				F640D36D19BF11D50018A1D7 /* mztools.c in Sources */,
				EEB1E9FC19AC71F200BE3A37 /* LSCollectionViewHelper.m in Sources */,
				EEB1E9C819AC717D00BE3A37 /* AppDelegate.m in Sources */,
				F640D35119BEFF0F0018A1D7 /* CXMLDocument.m in Sources */,
				EEB1E9C419AC717D00BE3A37 /* main.m in Sources */,
				F640D35219BEFF0F0018A1D7 /* CXMLDocument_PrivateExtensions.m in Sources */,
				EEB1EA0819AC730E00BE3A37 /* BookRepository.m in Sources */,
				F640D35719BEFF0F0018A1D7 /* CXMLNode_PrivateExtensions.m in Sources */,
				EEB1E9FD19AC71F200BE3A37 /* LSCollectionViewLayoutHelper.m in Sources */,
				F640D37019BF11D50018A1D7 /* ZipArchive.mm in Sources */,
				F640D2FD19B05E7D0018A1D7 /* CommonUtils.m in Sources */,
				F640D35819BEFF0F0018A1D7 /* CXMLNode_XPathExtensions.m in Sources */,
				F640D35019BEFF0F0018A1D7 /* CXMLNode_CreationExtensions.m in Sources */,
				F640D35319BEFF0F0018A1D7 /* CXMLElement.m in Sources */,
				F640D32A19BEEDAF0018A1D7 /* CBookContainer.m in Sources */,
				EEB1E9FF19AC71F200BE3A37 /* UICollectionView+Draggable.m in Sources */,
				F640D35619BEFF0F0018A1D7 /* CXMLNode.m in Sources */,
			);
			runOnlyForDeploymentPostprocessing = 0;
		};
		EEB1E9D419AC717D00BE3A37 /* Sources */ = {
			isa = PBXSourcesBuildPhase;
			buildActionMask = 2147483647;
			files = (
				EEB1E9E619AC717D00BE3A37 /* EpubTests.m in Sources */,
			);
			runOnlyForDeploymentPostprocessing = 0;
		};
/* End PBXSourcesBuildPhase section */

/* Begin PBXTargetDependency section */
		EEB1E9DE19AC717D00BE3A37 /* PBXTargetDependency */ = {
			isa = PBXTargetDependency;
			target = EEB1E9B319AC717D00BE3A37 /* Epub */;
			targetProxy = EEB1E9DD19AC717D00BE3A37 /* PBXContainerItemProxy */;
		};
/* End PBXTargetDependency section */

/* Begin PBXVariantGroup section */
		EEB1E9C019AC717D00BE3A37 /* InfoPlist.strings */ = {
			isa = PBXVariantGroup;
			children = (
				EEB1E9C119AC717D00BE3A37 /* en */,
			);
			name = InfoPlist.strings;
			sourceTree = "<group>";
		};
		EEB1E9E219AC717D00BE3A37 /* InfoPlist.strings */ = {
			isa = PBXVariantGroup;
			children = (
				EEB1E9E319AC717D00BE3A37 /* en */,
			);
			name = InfoPlist.strings;
			sourceTree = "<group>";
		};
/* End PBXVariantGroup section */

/* Begin XCBuildConfiguration section */
		EEB1E9E719AC717D00BE3A37 /* Debug */ = {
			isa = XCBuildConfiguration;
			buildSettings = {
				ALWAYS_SEARCH_USER_PATHS = NO;
				CLANG_CXX_LANGUAGE_STANDARD = "gnu++0x";
				CLANG_CXX_LIBRARY = "libc++";
				CLANG_ENABLE_MODULES = YES;
				CLANG_ENABLE_OBJC_ARC = YES;
				CLANG_WARN_BOOL_CONVERSION = YES;
				CLANG_WARN_CONSTANT_CONVERSION = YES;
				CLANG_WARN_DIRECT_OBJC_ISA_USAGE = YES_ERROR;
				CLANG_WARN_EMPTY_BODY = YES;
				CLANG_WARN_ENUM_CONVERSION = YES;
				CLANG_WARN_INT_CONVERSION = YES;
				CLANG_WARN_OBJC_ROOT_CLASS = YES_ERROR;
				CLANG_WARN__DUPLICATE_METHOD_MATCH = YES;
				CODE_SIGN_IDENTITY = "iPhone Developer: Koki Aiguchi (52M48UQLAV)";
				"CODE_SIGN_IDENTITY[sdk=iphoneos*]" = "iPhone Developer: Koki Aiguchi (52M48UQLAV)";
				COPY_PHASE_STRIP = NO;
				GCC_C_LANGUAGE_STANDARD = gnu99;
				GCC_DYNAMIC_NO_PIC = NO;
				GCC_OPTIMIZATION_LEVEL = 0;
				GCC_PREPROCESSOR_DEFINITIONS = (
					"DEBUG=1",
					"$(inherited)",
				);
				GCC_SYMBOLS_PRIVATE_EXTERN = NO;
				GCC_WARN_64_TO_32_BIT_CONVERSION = YES;
				GCC_WARN_ABOUT_RETURN_TYPE = YES_ERROR;
				GCC_WARN_UNDECLARED_SELECTOR = YES;
				GCC_WARN_UNINITIALIZED_AUTOS = YES_AGGRESSIVE;
				GCC_WARN_UNUSED_FUNCTION = YES;
				GCC_WARN_UNUSED_VARIABLE = YES;
				IPHONEOS_DEPLOYMENT_TARGET = 7.1;
				ONLY_ACTIVE_ARCH = YES;
				PROVISIONING_PROFILE = "a2aca710-47da-4c10-9d87-1db70e1eceb0";
				SDKROOT = iphoneos;
				TARGETED_DEVICE_FAMILY = "1,2";
			};
			name = Debug;
		};
		EEB1E9E819AC717D00BE3A37 /* Release */ = {
			isa = XCBuildConfiguration;
			buildSettings = {
				ALWAYS_SEARCH_USER_PATHS = NO;
				CLANG_CXX_LANGUAGE_STANDARD = "gnu++0x";
				CLANG_CXX_LIBRARY = "libc++";
				CLANG_ENABLE_MODULES = YES;
				CLANG_ENABLE_OBJC_ARC = YES;
				CLANG_WARN_BOOL_CONVERSION = YES;
				CLANG_WARN_CONSTANT_CONVERSION = YES;
				CLANG_WARN_DIRECT_OBJC_ISA_USAGE = YES_ERROR;
				CLANG_WARN_EMPTY_BODY = YES;
				CLANG_WARN_ENUM_CONVERSION = YES;
				CLANG_WARN_INT_CONVERSION = YES;
				CLANG_WARN_OBJC_ROOT_CLASS = YES_ERROR;
				CLANG_WARN__DUPLICATE_METHOD_MATCH = YES;
				"CODE_SIGN_IDENTITY[sdk=iphoneos*]" = "iPhone Developer";
				COPY_PHASE_STRIP = YES;
				ENABLE_NS_ASSERTIONS = NO;
				GCC_C_LANGUAGE_STANDARD = gnu99;
				GCC_WARN_64_TO_32_BIT_CONVERSION = YES;
				GCC_WARN_ABOUT_RETURN_TYPE = YES_ERROR;
				GCC_WARN_UNDECLARED_SELECTOR = YES;
				GCC_WARN_UNINITIALIZED_AUTOS = YES_AGGRESSIVE;
				GCC_WARN_UNUSED_FUNCTION = YES;
				GCC_WARN_UNUSED_VARIABLE = YES;
				IPHONEOS_DEPLOYMENT_TARGET = 7.1;
				PROVISIONING_PROFILE = "a2aca710-47da-4c10-9d87-1db70e1eceb0";
				SDKROOT = iphoneos;
				TARGETED_DEVICE_FAMILY = "1,2";
				VALIDATE_PRODUCT = YES;
			};
			name = Release;
		};
		EEB1E9EA19AC717D00BE3A37 /* Debug */ = {
			isa = XCBuildConfiguration;
			buildSettings = {
				ASSETCATALOG_COMPILER_APPICON_NAME = AppIcon;
				ASSETCATALOG_COMPILER_LAUNCHIMAGE_NAME = LaunchImage;
				GCC_PRECOMPILE_PREFIX_HEADER = YES;
				GCC_PREFIX_HEADER = "Epub/Epub-Prefix.pch";
				"HEADER_SEARCH_PATHS[arch=*]" = (
					"$(inherited)",
					/Applications/Xcode.app/Contents/Developer/Toolchains/XcodeDefault.xctoolchain/usr/include,
					"//:configuration",
					"=",
					"Release\nHEADER_SEARCH_PATHS[arch=*]",
					"=",
					"$(inherited)",
					"/Applications/Xcode.app/Contents/Developer/Toolchains/XcodeDefault.xctoolchain/usr/include\n\n//:completeSettings",
					"=",
					"none\n${SDKROOT}/usr/include/libxml2",
				);
				INFOPLIST_FILE = "Epub/Epub-Info.plist";
				IPHONEOS_DEPLOYMENT_TARGET = 7.0;
				PRODUCT_NAME = "$(TARGET_NAME)";
				PROVISIONING_PROFILE = "a2aca710-47da-4c10-9d87-1db70e1eceb0";
				WRAPPER_EXTENSION = app;
			};
			name = Debug;
		};
		EEB1E9EB19AC717D00BE3A37 /* Release */ = {
			isa = XCBuildConfiguration;
			buildSettings = {
				ASSETCATALOG_COMPILER_APPICON_NAME = AppIcon;
				ASSETCATALOG_COMPILER_LAUNCHIMAGE_NAME = LaunchImage;
				GCC_PRECOMPILE_PREFIX_HEADER = YES;
				GCC_PREFIX_HEADER = "Epub/Epub-Prefix.pch";
				"HEADER_SEARCH_PATHS[arch=*]" = (
					"$(inherited)",
					/Applications/Xcode.app/Contents/Developer/Toolchains/XcodeDefault.xctoolchain/usr/include,
					"${SDKROOT}/usr/include/libxml2",
				);
				INFOPLIST_FILE = "Epub/Epub-Info.plist";
				IPHONEOS_DEPLOYMENT_TARGET = 7.0;
				PRODUCT_NAME = "$(TARGET_NAME)";
				PROVISIONING_PROFILE = "a2aca710-47da-4c10-9d87-1db70e1eceb0";
				WRAPPER_EXTENSION = app;
			};
			name = Release;
		};
		EEB1E9ED19AC717D00BE3A37 /* Debug */ = {
			isa = XCBuildConfiguration;
			buildSettings = {
				BUNDLE_LOADER = "$(BUILT_PRODUCTS_DIR)/Epub.app/Epub";
				FRAMEWORK_SEARCH_PATHS = (
					"$(SDKROOT)/Developer/Library/Frameworks",
					"$(inherited)",
					"$(DEVELOPER_FRAMEWORKS_DIR)",
				);
				GCC_PRECOMPILE_PREFIX_HEADER = YES;
				GCC_PREFIX_HEADER = "Epub/Epub-Prefix.pch";
				GCC_PREPROCESSOR_DEFINITIONS = (
					"DEBUG=1",
					"$(inherited)",
				);
				INFOPLIST_FILE = "EpubTests/EpubTests-Info.plist";
				PRODUCT_NAME = "$(TARGET_NAME)";
				TEST_HOST = "$(BUNDLE_LOADER)";
				WRAPPER_EXTENSION = xctest;
			};
			name = Debug;
		};
		EEB1E9EE19AC717D00BE3A37 /* Release */ = {
			isa = XCBuildConfiguration;
			buildSettings = {
				BUNDLE_LOADER = "$(BUILT_PRODUCTS_DIR)/Epub.app/Epub";
				FRAMEWORK_SEARCH_PATHS = (
					"$(SDKROOT)/Developer/Library/Frameworks",
					"$(inherited)",
					"$(DEVELOPER_FRAMEWORKS_DIR)",
				);
				GCC_PRECOMPILE_PREFIX_HEADER = YES;
				GCC_PREFIX_HEADER = "Epub/Epub-Prefix.pch";
				INFOPLIST_FILE = "EpubTests/EpubTests-Info.plist";
				PRODUCT_NAME = "$(TARGET_NAME)";
				TEST_HOST = "$(BUNDLE_LOADER)";
				WRAPPER_EXTENSION = xctest;
			};
			name = Release;
		};
/* End XCBuildConfiguration section */

/* Begin XCConfigurationList section */
		EEB1E9AF19AC717D00BE3A37 /* Build configuration list for PBXProject "Epub" */ = {
			isa = XCConfigurationList;
			buildConfigurations = (
				EEB1E9E719AC717D00BE3A37 /* Debug */,
				EEB1E9E819AC717D00BE3A37 /* Release */,
			);
			defaultConfigurationIsVisible = 0;
			defaultConfigurationName = Release;
		};
		EEB1E9E919AC717D00BE3A37 /* Build configuration list for PBXNativeTarget "Epub" */ = {
			isa = XCConfigurationList;
			buildConfigurations = (
				EEB1E9EA19AC717D00BE3A37 /* Debug */,
				EEB1E9EB19AC717D00BE3A37 /* Release */,
			);
			defaultConfigurationIsVisible = 0;
			defaultConfigurationName = Release;
		};
		EEB1E9EC19AC717D00BE3A37 /* Build configuration list for PBXNativeTarget "EpubTests" */ = {
			isa = XCConfigurationList;
			buildConfigurations = (
				EEB1E9ED19AC717D00BE3A37 /* Debug */,
				EEB1E9EE19AC717D00BE3A37 /* Release */,
			);
			defaultConfigurationIsVisible = 0;
			defaultConfigurationName = Release;
		};
/* End XCConfigurationList section */
	};
	rootObject = EEB1E9AC19AC717D00BE3A37 /* Project object */;
}
